# THIS IS AN AUTOGENERATED FILE. DO NOT EDIT THIS FILE DIRECTLY.
# yarn lockfile v1


"@types/d3@3.5.38":
  version "3.5.38"
  resolved "https://registry.yarnpkg.com/@types/d3/-/d3-3.5.38.tgz#76f8f2e9159ae562965b2fa0e6fbee1aa643a1bc"

d3@3.5.5:
  version "3.5.5"
  resolved "https://registry.yarnpkg.com/d3/-/d3-3.5.5.tgz#be1aba6a84fb6653283b3ebebb7f570e3bda187e"

jsen@^0.6.1:
  version "0.6.6"
  resolved "https://registry.yarnpkg.com/jsen/-/jsen-0.6.6.tgz#0240c18cf11350ac021456f48a7eb13bd67e0420"

powerbi-models@^0.11.3:
  version "0.11.3"
  resolved "https://registry.yarnpkg.com/powerbi-models/-/powerbi-models-0.11.3.tgz#7a0c6d297f0863ebc8c7ccfa3f5fea5e3488e316"
  dependencies:
    jsen "^0.6.1"

powerbi-visuals-utils-dataviewutils@1.2.0:
  version "1.2.0"
  resolved "https://registry.yarnpkg.com/powerbi-visuals-utils-dataviewutils/-/powerbi-visuals-utils-dataviewutils-1.2.0.tgz#59a1c983355c958a23d9901894f65f1575193213"

powerbi-visuals-utils-interactivityutils@^3.2.0:
  version "3.2.0"
  resolved "https://registry.yarnpkg.com/powerbi-visuals-utils-interactivityutils/-/powerbi-visuals-utils-interactivityutils-3.2.0.tgz#1acca44d29bca66a12386dad4e293ff605a95dac"
  dependencies:
    d3 "3.5.5"
    powerbi-visuals-utils-svgutils "^1.0.0"
    powerbi-visuals-utils-typeutils "^1.0.0"

powerbi-visuals-utils-svgutils@^1.0.0:
  version "1.1.0"
  resolved "https://registry.yarnpkg.com/powerbi-visuals-utils-svgutils/-/powerbi-visuals-utils-svgutils-1.1.0.tgz#8ba22c6ef5662a402709b477753a4519342257e7"
  dependencies:
    d3 "3.5.5"
    powerbi-visuals-utils-typeutils "1.1.0"

powerbi-visuals-utils-typeutils@1.1.0, powerbi-visuals-utils-typeutils@^1.0.0:
  version "1.1.0"
  resolved "https://registry.yarnpkg.com/powerbi-visuals-utils-typeutils/-/powerbi-visuals-utils-typeutils-1.1.0.tgz#347942e581873700da55efff5136a693a76df9b2"
